// !$*UTF8*$!
{
	archiveVersion = 1;
	classes = {
	};
	objectVersion = 48;
	objects = {

/* Begin PBXBuildFile section */
		0F86FA32207178F7005564B6 /* LegalViewController.swift in Sources */ = {isa = PBXBuildFile; fileRef = 0F86FA31207178F7005564B6 /* LegalViewController.swift */; };
		0F86FA3420717B68005564B6 /* SettingsViewController.swift in Sources */ = {isa = PBXBuildFile; fileRef = 0F86FA3320717B68005564B6 /* SettingsViewController.swift */; };
		0F8CAFC62066E5B1006AEAB9 /* Placeholder.swift in Sources */ = {isa = PBXBuildFile; fileRef = 0F8CAFC52066E5B1006AEAB9 /* Placeholder.swift */; };
		0F8CAFC820682166006AEAB9 /* Group.swift in Sources */ = {isa = PBXBuildFile; fileRef = 0F8CAFC720682166006AEAB9 /* Group.swift */; };
		0F8CAFCC20682DC0006AEAB9 /* GroupTableViewCell.swift in Sources */ = {isa = PBXBuildFile; fileRef = 0F8CAFCB20682DC0006AEAB9 /* GroupTableViewCell.swift */; };
		0F8CAFCE20684E0C006AEAB9 /* GroupsTableViewController.swift in Sources */ = {isa = PBXBuildFile; fileRef = 0F8CAFCD20684E0C006AEAB9 /* GroupsTableViewController.swift */; };
		0F8CAFD020684ED8006AEAB9 /* AddGroupViewController.swift in Sources */ = {isa = PBXBuildFile; fileRef = 0F8CAFCF20684ED8006AEAB9 /* AddGroupViewController.swift */; };
		0F8F20502071C48E005D7F07 /* RoundButton.swift in Sources */ = {isa = PBXBuildFile; fileRef = 0F8F204F2071C48E005D7F07 /* RoundButton.swift */; };
		0FA3CF0E2076F02C008B912F /* EditYourInfoViewController.swift in Sources */ = {isa = PBXBuildFile; fileRef = 0FA3CF0D2076F02C008B912F /* EditYourInfoViewController.swift */; };
		0FA3CF102076F328008B912F /* UpdatePasswordViewController.swift in Sources */ = {isa = PBXBuildFile; fileRef = 0FA3CF0F2076F328008B912F /* UpdatePasswordViewController.swift */; };
		0FDBA6002075D13C001DCBA2 /* SetPasswordViewController.swift in Sources */ = {isa = PBXBuildFile; fileRef = 0FDBA5FF2075D13B001DCBA2 /* SetPasswordViewController.swift */; };
		2B02766E20472DFC0062292C /* ContactEditController.swift in Sources */ = {isa = PBXBuildFile; fileRef = 2B02766D20472DFC0062292C /* ContactEditController.swift */; };
		2B12CCE52024DF93005C5ACD /* AppDelegate.swift in Sources */ = {isa = PBXBuildFile; fileRef = 2B12CCE42024DF93005C5ACD /* AppDelegate.swift */; };
		2B12CCE72024DF93005C5ACD /* ContactAddController.swift in Sources */ = {isa = PBXBuildFile; fileRef = 2B12CCE62024DF93005C5ACD /* ContactAddController.swift */; };
		2B12CCEA2024DF93005C5ACD /* Main.storyboard in Resources */ = {isa = PBXBuildFile; fileRef = 2B12CCE82024DF93005C5ACD /* Main.storyboard */; };
		2B12CCEC2024DF93005C5ACD /* Assets.xcassets in Resources */ = {isa = PBXBuildFile; fileRef = 2B12CCEB2024DF93005C5ACD /* Assets.xcassets */; };
		2B12CCEF2024DF93005C5ACD /* LaunchScreen.storyboard in Resources */ = {isa = PBXBuildFile; fileRef = 2B12CCED2024DF93005C5ACD /* LaunchScreen.storyboard */; };
		2B12CCFA2024DF94005C5ACD /* StreetCheckTests.swift in Sources */ = {isa = PBXBuildFile; fileRef = 2B12CCF92024DF94005C5ACD /* StreetCheckTests.swift */; };
		2B12CD052024DF94005C5ACD /* StreetCheckUITests.swift in Sources */ = {isa = PBXBuildFile; fileRef = 2B12CD042024DF94005C5ACD /* StreetCheckUITests.swift */; };
		2B12CD132024E030005C5ACD /* Contact.swift in Sources */ = {isa = PBXBuildFile; fileRef = 2B12CD122024E030005C5ACD /* Contact.swift */; };
		2B167E9F206D652E000F004B /* EditGroupViewController.swift in Sources */ = {isa = PBXBuildFile; fileRef = 2B167E9E206D652E000F004B /* EditGroupViewController.swift */; };
		2B2CED78206C3BE000DB1265 /* GroupViewController.swift in Sources */ = {isa = PBXBuildFile; fileRef = 2B2CED77206C3BE000DB1265 /* GroupViewController.swift */; };
		2B490AAE203101910045DE05 /* ContactTableViewCell.swift in Sources */ = {isa = PBXBuildFile; fileRef = 2B490AAD203101910045DE05 /* ContactTableViewCell.swift */; };
		2B490AB0203103D40045DE05 /* ContactTableViewController.swift in Sources */ = {isa = PBXBuildFile; fileRef = 2B490AAF203103D40045DE05 /* ContactTableViewController.swift */; };
		2B510682204F2157006BE0EB /* CrimeLocationPin.swift in Sources */ = {isa = PBXBuildFile; fileRef = 2B510681204F2157006BE0EB /* CrimeLocationPin.swift */; };
		2B6109E820449F36003953B2 /* MapKit.framework in Frameworks */ = {isa = PBXBuildFile; fileRef = 2B6109E720449F36003953B2 /* MapKit.framework */; };
		2B8912952075807500CDC39F /* OnboardingViewController.swift in Sources */ = {isa = PBXBuildFile; fileRef = 2B8912942075807500CDC39F /* OnboardingViewController.swift */; };
		2B9F887C203759D700FFA03A /* ContactViewController.swift in Sources */ = {isa = PBXBuildFile; fileRef = 2B9F887B203759D700FFA03A /* ContactViewController.swift */; };
		2BFC9E4120769C6B003217FF /* CheckPasswordViewController.swift in Sources */ = {isa = PBXBuildFile; fileRef = 2BFC9E4020769C6B003217FF /* CheckPasswordViewController.swift */; };
/* End PBXBuildFile section */

/* Begin PBXContainerItemProxy section */
		2B12CCF62024DF94005C5ACD /* PBXContainerItemProxy */ = {
			isa = PBXContainerItemProxy;
			containerPortal = 2B12CCD92024DF93005C5ACD /* Project object */;
			proxyType = 1;
			remoteGlobalIDString = 2B12CCE02024DF93005C5ACD;
			remoteInfo = StreetCheck;
		};
		2B12CD012024DF94005C5ACD /* PBXContainerItemProxy */ = {
			isa = PBXContainerItemProxy;
			containerPortal = 2B12CCD92024DF93005C5ACD /* Project object */;
			proxyType = 1;
			remoteGlobalIDString = 2B12CCE02024DF93005C5ACD;
			remoteInfo = StreetCheck;
		};
/* End PBXContainerItemProxy section */

/* Begin PBXFileReference section */
		0F86FA31207178F7005564B6 /* LegalViewController.swift */ = {isa = PBXFileReference; lastKnownFileType = sourcecode.swift; path = LegalViewController.swift; sourceTree = "<group>"; };
		0F86FA3320717B68005564B6 /* SettingsViewController.swift */ = {isa = PBXFileReference; lastKnownFileType = sourcecode.swift; path = SettingsViewController.swift; sourceTree = "<group>"; };
		0F8CAFC52066E5B1006AEAB9 /* Placeholder.swift */ = {isa = PBXFileReference; lastKnownFileType = sourcecode.swift; path = Placeholder.swift; sourceTree = "<group>"; };
		0F8CAFC720682166006AEAB9 /* Group.swift */ = {isa = PBXFileReference; lastKnownFileType = sourcecode.swift; path = Group.swift; sourceTree = "<group>"; };
		0F8CAFCB20682DC0006AEAB9 /* GroupTableViewCell.swift */ = {isa = PBXFileReference; lastKnownFileType = sourcecode.swift; path = GroupTableViewCell.swift; sourceTree = "<group>"; };
		0F8CAFCD20684E0C006AEAB9 /* GroupsTableViewController.swift */ = {isa = PBXFileReference; lastKnownFileType = sourcecode.swift; path = GroupsTableViewController.swift; sourceTree = "<group>"; };
		0F8CAFCF20684ED8006AEAB9 /* AddGroupViewController.swift */ = {isa = PBXFileReference; lastKnownFileType = sourcecode.swift; path = AddGroupViewController.swift; sourceTree = "<group>"; };
		0F8F204F2071C48E005D7F07 /* RoundButton.swift */ = {isa = PBXFileReference; lastKnownFileType = sourcecode.swift; path = RoundButton.swift; sourceTree = "<group>"; };
		0FA3CF0D2076F02C008B912F /* EditYourInfoViewController.swift */ = {isa = PBXFileReference; lastKnownFileType = sourcecode.swift; path = EditYourInfoViewController.swift; sourceTree = "<group>"; };
		0FA3CF0F2076F328008B912F /* UpdatePasswordViewController.swift */ = {isa = PBXFileReference; lastKnownFileType = sourcecode.swift; path = UpdatePasswordViewController.swift; sourceTree = "<group>"; };
		0FDBA5FF2075D13B001DCBA2 /* SetPasswordViewController.swift */ = {isa = PBXFileReference; fileEncoding = 4; lastKnownFileType = sourcecode.swift; path = SetPasswordViewController.swift; sourceTree = "<group>"; };
		2B02766D20472DFC0062292C /* ContactEditController.swift */ = {isa = PBXFileReference; lastKnownFileType = sourcecode.swift; path = ContactEditController.swift; sourceTree = "<group>"; };
		2B12CCE42024DF93005C5ACD /* AppDelegate.swift */ = {isa = PBXFileReference; lastKnownFileType = sourcecode.swift; path = AppDelegate.swift; sourceTree = "<group>"; };
		2B12CCE62024DF93005C5ACD /* ContactAddController.swift */ = {isa = PBXFileReference; lastKnownFileType = sourcecode.swift; path = ContactAddController.swift; sourceTree = "<group>"; };
		2B12CCE92024DF93005C5ACD /* Base */ = {isa = PBXFileReference; lastKnownFileType = file.storyboard; name = Base; path = Base.lproj/Main.storyboard; sourceTree = "<group>"; };
		2B12CCEB2024DF93005C5ACD /* Assets.xcassets */ = {isa = PBXFileReference; lastKnownFileType = folder.assetcatalog; path = Assets.xcassets; sourceTree = "<group>"; };
		2B12CCEE2024DF93005C5ACD /* Base */ = {isa = PBXFileReference; lastKnownFileType = file.storyboard; name = Base; path = Base.lproj/LaunchScreen.storyboard; sourceTree = "<group>"; };
		2B12CCF02024DF93005C5ACD /* Info.plist */ = {isa = PBXFileReference; lastKnownFileType = text.plist.xml; path = Info.plist; sourceTree = "<group>"; };
		2B12CCF92024DF94005C5ACD /* StreetCheckTests.swift */ = {isa = PBXFileReference; lastKnownFileType = sourcecode.swift; path = StreetCheckTests.swift; sourceTree = "<group>"; };
		2B12CCFB2024DF94005C5ACD /* Info.plist */ = {isa = PBXFileReference; lastKnownFileType = text.plist.xml; path = Info.plist; sourceTree = "<group>"; };
		2B12CD042024DF94005C5ACD /* StreetCheckUITests.swift */ = {isa = PBXFileReference; lastKnownFileType = sourcecode.swift; path = StreetCheckUITests.swift; sourceTree = "<group>"; };
		2B12CD062024DF94005C5ACD /* Info.plist */ = {isa = PBXFileReference; lastKnownFileType = text.plist.xml; path = Info.plist; sourceTree = "<group>"; };
		2B12CD122024E030005C5ACD /* Contact.swift */ = {isa = PBXFileReference; lastKnownFileType = sourcecode.swift; path = Contact.swift; sourceTree = "<group>"; };
		2B167E9E206D652E000F004B /* EditGroupViewController.swift */ = {isa = PBXFileReference; lastKnownFileType = sourcecode.swift; path = EditGroupViewController.swift; sourceTree = "<group>"; };
		2B2CED77206C3BE000DB1265 /* GroupViewController.swift */ = {isa = PBXFileReference; lastKnownFileType = sourcecode.swift; path = GroupViewController.swift; sourceTree = "<group>"; };
		2B490AAD203101910045DE05 /* ContactTableViewCell.swift */ = {isa = PBXFileReference; lastKnownFileType = sourcecode.swift; path = ContactTableViewCell.swift; sourceTree = "<group>"; };
		2B490AAF203103D40045DE05 /* ContactTableViewController.swift */ = {isa = PBXFileReference; lastKnownFileType = sourcecode.swift; path = ContactTableViewController.swift; sourceTree = "<group>"; };
		2B510681204F2157006BE0EB /* CrimeLocationPin.swift */ = {isa = PBXFileReference; lastKnownFileType = sourcecode.swift; path = CrimeLocationPin.swift; sourceTree = "<group>"; };
		2B6109E720449F36003953B2 /* MapKit.framework */ = {isa = PBXFileReference; lastKnownFileType = wrapper.framework; name = MapKit.framework; path = System/Library/Frameworks/MapKit.framework; sourceTree = SDKROOT; };
		2B8912942075807500CDC39F /* OnboardingViewController.swift */ = {isa = PBXFileReference; lastKnownFileType = sourcecode.swift; path = OnboardingViewController.swift; sourceTree = "<group>"; };
		2B9F887B203759D700FFA03A /* ContactViewController.swift */ = {isa = PBXFileReference; lastKnownFileType = sourcecode.swift; path = ContactViewController.swift; sourceTree = "<group>"; };
		2BFC9E3D2076981A003217FF /* StreetCheck.app */ = {isa = PBXFileReference; explicitFileType = wrapper.application; includeInIndex = 0; path = StreetCheck.app; sourceTree = BUILT_PRODUCTS_DIR; };
		2BFC9E3E2076981A003217FF /* StreetCheckTests.xctest */ = {isa = PBXFileReference; explicitFileType = wrapper.cfbundle; includeInIndex = 0; path = StreetCheckTests.xctest; sourceTree = BUILT_PRODUCTS_DIR; };
		2BFC9E3F2076981A003217FF /* StreetCheckUITests.xctest */ = {isa = PBXFileReference; explicitFileType = wrapper.cfbundle; includeInIndex = 0; path = StreetCheckUITests.xctest; sourceTree = BUILT_PRODUCTS_DIR; };
		2BFC9E4020769C6B003217FF /* CheckPasswordViewController.swift */ = {isa = PBXFileReference; lastKnownFileType = sourcecode.swift; path = CheckPasswordViewController.swift; sourceTree = "<group>"; };
/* End PBXFileReference section */

/* Begin PBXFrameworksBuildPhase section */
		2B12CCDE2024DF93005C5ACD /* Frameworks */ = {
			isa = PBXFrameworksBuildPhase;
			buildActionMask = 2147483647;
			files = (
				2B6109E820449F36003953B2 /* MapKit.framework in Frameworks */,
			);
			runOnlyForDeploymentPostprocessing = 0;
		};
		2B12CCF22024DF94005C5ACD /* Frameworks */ = {
			isa = PBXFrameworksBuildPhase;
			buildActionMask = 2147483647;
			files = (
			);
			runOnlyForDeploymentPostprocessing = 0;
		};
		2B12CCFD2024DF94005C5ACD /* Frameworks */ = {
			isa = PBXFrameworksBuildPhase;
			buildActionMask = 2147483647;
			files = (
			);
			runOnlyForDeploymentPostprocessing = 0;
		};
/* End PBXFrameworksBuildPhase section */

/* Begin PBXGroup section */
		0F86FA3520717E64005564B6 /* Settings */ = {
			isa = PBXGroup;
			children = (
				0F86FA3320717B68005564B6 /* SettingsViewController.swift */,
				0F86FA31207178F7005564B6 /* LegalViewController.swift */,
			);
			path = Settings;
			sourceTree = "<group>";
		};
		0F8CAFD120684EE2006AEAB9 /* Contact */ = {
			isa = PBXGroup;
			children = (
				2B12CD122024E030005C5ACD /* Contact.swift */,
				2B12CCE62024DF93005C5ACD /* ContactAddController.swift */,
				2B02766D20472DFC0062292C /* ContactEditController.swift */,
				2B9F887B203759D700FFA03A /* ContactViewController.swift */,
				2B490AAD203101910045DE05 /* ContactTableViewCell.swift */,
				2B490AAF203103D40045DE05 /* ContactTableViewController.swift */,
			);
			path = Contact;
			sourceTree = "<group>";
		};
		0F8CAFD220684EFF006AEAB9 /* Group */ = {
			isa = PBXGroup;
			children = (
				0F8CAFC720682166006AEAB9 /* Group.swift */,
				0F8CAFCF20684ED8006AEAB9 /* AddGroupViewController.swift */,
				2B167E9E206D652E000F004B /* EditGroupViewController.swift */,
				2B2CED77206C3BE000DB1265 /* GroupViewController.swift */,
				0F8CAFCB20682DC0006AEAB9 /* GroupTableViewCell.swift */,
				0F8CAFCD20684E0C006AEAB9 /* GroupsTableViewController.swift */,
			);
			path = Group;
			sourceTree = "<group>";
		};
		2B12CCD82024DF93005C5ACD = {
			isa = PBXGroup;
			children = (
				2B12CCE32024DF93005C5ACD /* StreetCheck */,
				2B12CCF82024DF94005C5ACD /* StreetCheckTests */,
				2B12CD032024DF94005C5ACD /* StreetCheckUITests */,
				2B6109E620449F36003953B2 /* Frameworks */,
				2BFC9E3D2076981A003217FF /* StreetCheck.app */,
				2BFC9E3E2076981A003217FF /* StreetCheckTests.xctest */,
				2BFC9E3F2076981A003217FF /* StreetCheckUITests.xctest */,
			);
			sourceTree = "<group>";
		};
		2B12CCE32024DF93005C5ACD /* StreetCheck */ = {
			isa = PBXGroup;
			children = (
				0F8F204F2071C48E005D7F07 /* RoundButton.swift */,
				0F86FA3520717E64005564B6 /* Settings */,
				0F8CAFD120684EE2006AEAB9 /* Contact */,
				0F8CAFD220684EFF006AEAB9 /* Group */,
				2B12CCE42024DF93005C5ACD /* AppDelegate.swift */,
				2BFC9E4020769C6B003217FF /* CheckPasswordViewController.swift */,
				2B8912942075807500CDC39F /* OnboardingViewController.swift */,
				0FDBA5FF2075D13B001DCBA2 /* SetPasswordViewController.swift */,
				0FA3CF0D2076F02C008B912F /* EditYourInfoViewController.swift */,
				0FA3CF0F2076F328008B912F /* UpdatePasswordViewController.swift */,
				2B510681204F2157006BE0EB /* CrimeLocationPin.swift */,
				0F8CAFC52066E5B1006AEAB9 /* Placeholder.swift */,
				2B12CCE82024DF93005C5ACD /* Main.storyboard */,
				2B12CCEB2024DF93005C5ACD /* Assets.xcassets */,
				2B12CCED2024DF93005C5ACD /* LaunchScreen.storyboard */,
				2B12CCF02024DF93005C5ACD /* Info.plist */,
			);
			path = StreetCheck;
			sourceTree = "<group>";
		};
		2B12CCF82024DF94005C5ACD /* StreetCheckTests */ = {
			isa = PBXGroup;
			children = (
				2B12CCF92024DF94005C5ACD /* StreetCheckTests.swift */,
				2B12CCFB2024DF94005C5ACD /* Info.plist */,
			);
			path = StreetCheckTests;
			sourceTree = "<group>";
		};
		2B12CD032024DF94005C5ACD /* StreetCheckUITests */ = {
			isa = PBXGroup;
			children = (
				2B12CD042024DF94005C5ACD /* StreetCheckUITests.swift */,
				2B12CD062024DF94005C5ACD /* Info.plist */,
			);
			path = StreetCheckUITests;
			sourceTree = "<group>";
		};
		2B6109E620449F36003953B2 /* Frameworks */ = {
			isa = PBXGroup;
			children = (
				2B6109E720449F36003953B2 /* MapKit.framework */,
			);
			name = Frameworks;
			sourceTree = "<group>";
		};
/* End PBXGroup section */

/* Begin PBXNativeTarget section */
		2B12CCE02024DF93005C5ACD /* StreetCheck */ = {
			isa = PBXNativeTarget;
			buildConfigurationList = 2B12CD092024DF94005C5ACD /* Build configuration list for PBXNativeTarget "StreetCheck" */;
			buildPhases = (
				2B12CCDD2024DF93005C5ACD /* Sources */,
				2B12CCDE2024DF93005C5ACD /* Frameworks */,
				2B12CCDF2024DF93005C5ACD /* Resources */,
			);
			buildRules = (
			);
			dependencies = (
			);
			name = StreetCheck;
			productName = StreetCheck;
			productReference = 2BFC9E3D2076981A003217FF /* StreetCheck.app */;
			productType = "com.apple.product-type.application";
		};
		2B12CCF42024DF94005C5ACD /* StreetCheckTests */ = {
			isa = PBXNativeTarget;
			buildConfigurationList = 2B12CD0C2024DF94005C5ACD /* Build configuration list for PBXNativeTarget "StreetCheckTests" */;
			buildPhases = (
				2B12CCF12024DF94005C5ACD /* Sources */,
				2B12CCF22024DF94005C5ACD /* Frameworks */,
				2B12CCF32024DF94005C5ACD /* Resources */,
			);
			buildRules = (
			);
			dependencies = (
				2B12CCF72024DF94005C5ACD /* PBXTargetDependency */,
			);
			name = StreetCheckTests;
			productName = StreetCheckTests;
			productReference = 2BFC9E3E2076981A003217FF /* StreetCheckTests.xctest */;
			productType = "com.apple.product-type.bundle.unit-test";
		};
		2B12CCFF2024DF94005C5ACD /* StreetCheckUITests */ = {
			isa = PBXNativeTarget;
			buildConfigurationList = 2B12CD0F2024DF94005C5ACD /* Build configuration list for PBXNativeTarget "StreetCheckUITests" */;
			buildPhases = (
				2B12CCFC2024DF94005C5ACD /* Sources */,
				2B12CCFD2024DF94005C5ACD /* Frameworks */,
				2B12CCFE2024DF94005C5ACD /* Resources */,
			);
			buildRules = (
			);
			dependencies = (
				2B12CD022024DF94005C5ACD /* PBXTargetDependency */,
			);
			name = StreetCheckUITests;
			productName = StreetCheckUITests;
			productReference = 2BFC9E3F2076981A003217FF /* StreetCheckUITests.xctest */;
			productType = "com.apple.product-type.bundle.ui-testing";
		};
/* End PBXNativeTarget section */

/* Begin PBXProject section */
		2B12CCD92024DF93005C5ACD /* Project object */ = {
			isa = PBXProject;
			attributes = {
				LastSwiftUpdateCheck = 0920;
				LastUpgradeCheck = 0930;
				ORGANIZATIONNAME = "Presley Reed III";
				TargetAttributes = {
					2B12CCE02024DF93005C5ACD = {
						CreatedOnToolsVersion = 9.2;
						ProvisioningStyle = Automatic;
						SystemCapabilities = {
							com.apple.Maps.iOS = {
								enabled = 1;
							};
						};
					};
					2B12CCF42024DF94005C5ACD = {
						CreatedOnToolsVersion = 9.2;
						ProvisioningStyle = Automatic;
						TestTargetID = 2B12CCE02024DF93005C5ACD;
					};
					2B12CCFF2024DF94005C5ACD = {
						CreatedOnToolsVersion = 9.2;
						ProvisioningStyle = Automatic;
						TestTargetID = 2B12CCE02024DF93005C5ACD;
					};
				};
			};
			buildConfigurationList = 2B12CCDC2024DF93005C5ACD /* Build configuration list for PBXProject "StreetCheck" */;
			compatibilityVersion = "Xcode 8.0";
			developmentRegion = en;
			hasScannedForEncodings = 0;
			knownRegions = (
				en,
				Base,
			);
			mainGroup = 2B12CCD82024DF93005C5ACD;
			productRefGroup = 2B12CCD82024DF93005C5ACD;
			projectDirPath = "";
			projectRoot = "";
			targets = (
				2B12CCE02024DF93005C5ACD /* StreetCheck */,
				2B12CCF42024DF94005C5ACD /* StreetCheckTests */,
				2B12CCFF2024DF94005C5ACD /* StreetCheckUITests */,
			);
		};
/* End PBXProject section */

/* Begin PBXResourcesBuildPhase section */
		2B12CCDF2024DF93005C5ACD /* Resources */ = {
			isa = PBXResourcesBuildPhase;
			buildActionMask = 2147483647;
			files = (
				2B12CCEF2024DF93005C5ACD /* LaunchScreen.storyboard in Resources */,
				2B12CCEC2024DF93005C5ACD /* Assets.xcassets in Resources */,
				2B12CCEA2024DF93005C5ACD /* Main.storyboard in Resources */,
			);
			runOnlyForDeploymentPostprocessing = 0;
		};
		2B12CCF32024DF94005C5ACD /* Resources */ = {
			isa = PBXResourcesBuildPhase;
			buildActionMask = 2147483647;
			files = (
			);
			runOnlyForDeploymentPostprocessing = 0;
		};
		2B12CCFE2024DF94005C5ACD /* Resources */ = {
			isa = PBXResourcesBuildPhase;
			buildActionMask = 2147483647;
			files = (
			);
			runOnlyForDeploymentPostprocessing = 0;
		};
/* End PBXResourcesBuildPhase section */

/* Begin PBXSourcesBuildPhase section */
		2B12CCDD2024DF93005C5ACD /* Sources */ = {
			isa = PBXSourcesBuildPhase;
			buildActionMask = 2147483647;
			files = (
				0FA3CF102076F328008B912F /* UpdatePasswordViewController.swift in Sources */,
				0FA3CF0E2076F02C008B912F /* EditYourInfoViewController.swift in Sources */,
				0F8F20502071C48E005D7F07 /* RoundButton.swift in Sources */,
				2B490AAE203101910045DE05 /* ContactTableViewCell.swift in Sources */,
				2B510682204F2157006BE0EB /* CrimeLocationPin.swift in Sources */,
				2B12CD132024E030005C5ACD /* Contact.swift in Sources */,
				0FDBA6002075D13C001DCBA2 /* SetPasswordViewController.swift in Sources */,
				2B8912952075807500CDC39F /* OnboardingViewController.swift in Sources */,
				0F8CAFC820682166006AEAB9 /* Group.swift in Sources */,
				2B490AB0203103D40045DE05 /* ContactTableViewController.swift in Sources */,
				0F8CAFCE20684E0C006AEAB9 /* GroupsTableViewController.swift in Sources */,
				2B2CED78206C3BE000DB1265 /* GroupViewController.swift in Sources */,
				2B167E9F206D652E000F004B /* EditGroupViewController.swift in Sources */,
				0F86FA32207178F7005564B6 /* LegalViewController.swift in Sources */,
				0F8CAFD020684ED8006AEAB9 /* AddGroupViewController.swift in Sources */,
				2B12CCE72024DF93005C5ACD /* ContactAddController.swift in Sources */,
				2B12CCE52024DF93005C5ACD /* AppDelegate.swift in Sources */,
				0F86FA3420717B68005564B6 /* SettingsViewController.swift in Sources */,
				0F8CAFCC20682DC0006AEAB9 /* GroupTableViewCell.swift in Sources */,
				2BFC9E4120769C6B003217FF /* CheckPasswordViewController.swift in Sources */,
				2B02766E20472DFC0062292C /* ContactEditController.swift in Sources */,
				2B9F887C203759D700FFA03A /* ContactViewController.swift in Sources */,
				0F8CAFC62066E5B1006AEAB9 /* Placeholder.swift in Sources */,
			);
			runOnlyForDeploymentPostprocessing = 0;
		};
		2B12CCF12024DF94005C5ACD /* Sources */ = {
			isa = PBXSourcesBuildPhase;
			buildActionMask = 2147483647;
			files = (
				2B12CCFA2024DF94005C5ACD /* StreetCheckTests.swift in Sources */,
			);
			runOnlyForDeploymentPostprocessing = 0;
		};
		2B12CCFC2024DF94005C5ACD /* Sources */ = {
			isa = PBXSourcesBuildPhase;
			buildActionMask = 2147483647;
			files = (
				2B12CD052024DF94005C5ACD /* StreetCheckUITests.swift in Sources */,
			);
			runOnlyForDeploymentPostprocessing = 0;
		};
/* End PBXSourcesBuildPhase section */

/* Begin PBXTargetDependency section */
		2B12CCF72024DF94005C5ACD /* PBXTargetDependency */ = {
			isa = PBXTargetDependency;
			target = 2B12CCE02024DF93005C5ACD /* StreetCheck */;
			targetProxy = 2B12CCF62024DF94005C5ACD /* PBXContainerItemProxy */;
		};
		2B12CD022024DF94005C5ACD /* PBXTargetDependency */ = {
			isa = PBXTargetDependency;
			target = 2B12CCE02024DF93005C5ACD /* StreetCheck */;
			targetProxy = 2B12CD012024DF94005C5ACD /* PBXContainerItemProxy */;
		};
/* End PBXTargetDependency section */

/* Begin PBXVariantGroup section */
		2B12CCE82024DF93005C5ACD /* Main.storyboard */ = {
			isa = PBXVariantGroup;
			children = (
				2B12CCE92024DF93005C5ACD /* Base */,
			);
			name = Main.storyboard;
			sourceTree = "<group>";
		};
		2B12CCED2024DF93005C5ACD /* LaunchScreen.storyboard */ = {
			isa = PBXVariantGroup;
			children = (
				2B12CCEE2024DF93005C5ACD /* Base */,
			);
			name = LaunchScreen.storyboard;
			sourceTree = "<group>";
		};
/* End PBXVariantGroup section */

/* Begin XCBuildConfiguration section */
		2B12CD072024DF94005C5ACD /* Debug */ = {
			isa = XCBuildConfiguration;
			buildSettings = {
				ALWAYS_SEARCH_USER_PATHS = NO;
				CLANG_ANALYZER_NONNULL = YES;
				CLANG_ANALYZER_NUMBER_OBJECT_CONVERSION = YES_AGGRESSIVE;
				CLANG_CXX_LANGUAGE_STANDARD = "gnu++14";
				CLANG_CXX_LIBRARY = "libc++";
				CLANG_ENABLE_MODULES = YES;
				CLANG_ENABLE_OBJC_ARC = YES;
				CLANG_WARN_BLOCK_CAPTURE_AUTORELEASING = YES;
				CLANG_WARN_BOOL_CONVERSION = YES;
				CLANG_WARN_COMMA = YES;
				CLANG_WARN_CONSTANT_CONVERSION = YES;
				CLANG_WARN_DEPRECATED_OBJC_IMPLEMENTATIONS = YES;
				CLANG_WARN_DIRECT_OBJC_ISA_USAGE = YES_ERROR;
				CLANG_WARN_DOCUMENTATION_COMMENTS = YES;
				CLANG_WARN_EMPTY_BODY = YES;
				CLANG_WARN_ENUM_CONVERSION = YES;
				CLANG_WARN_INFINITE_RECURSION = YES;
				CLANG_WARN_INT_CONVERSION = YES;
				CLANG_WARN_NON_LITERAL_NULL_CONVERSION = YES;
				CLANG_WARN_OBJC_IMPLICIT_RETAIN_SELF = YES;
				CLANG_WARN_OBJC_LITERAL_CONVERSION = YES;
				CLANG_WARN_OBJC_ROOT_CLASS = YES_ERROR;
				CLANG_WARN_RANGE_LOOP_ANALYSIS = YES;
				CLANG_WARN_STRICT_PROTOTYPES = YES;
				CLANG_WARN_SUSPICIOUS_MOVE = YES;
				CLANG_WARN_UNGUARDED_AVAILABILITY = YES_AGGRESSIVE;
				CLANG_WARN_UNREACHABLE_CODE = YES;
				CLANG_WARN__DUPLICATE_METHOD_MATCH = YES;
				CODE_SIGN_IDENTITY = "iPhone Developer";
				COPY_PHASE_STRIP = NO;
				DEBUG_INFORMATION_FORMAT = dwarf;
				ENABLE_STRICT_OBJC_MSGSEND = YES;
				ENABLE_TESTABILITY = YES;
				GCC_C_LANGUAGE_STANDARD = gnu11;
				GCC_DYNAMIC_NO_PIC = NO;
				GCC_NO_COMMON_BLOCKS = YES;
				GCC_OPTIMIZATION_LEVEL = 0;
				GCC_PREPROCESSOR_DEFINITIONS = (
					"DEBUG=1",
					"$(inherited)",
				);
				GCC_WARN_64_TO_32_BIT_CONVERSION = YES;
				GCC_WARN_ABOUT_RETURN_TYPE = YES_ERROR;
				GCC_WARN_UNDECLARED_SELECTOR = YES;
				GCC_WARN_UNINITIALIZED_AUTOS = YES_AGGRESSIVE;
				GCC_WARN_UNUSED_FUNCTION = YES;
				GCC_WARN_UNUSED_VARIABLE = YES;
				IPHONEOS_DEPLOYMENT_TARGET = 11.3;
				MTL_ENABLE_DEBUG_INFO = YES;
				ONLY_ACTIVE_ARCH = YES;
				SDKROOT = iphoneos;
				SWIFT_ACTIVE_COMPILATION_CONDITIONS = DEBUG;
				SWIFT_OPTIMIZATION_LEVEL = "-Onone";
			};
			name = Debug;
		};
		2B12CD082024DF94005C5ACD /* Release */ = {
			isa = XCBuildConfiguration;
			buildSettings = {
				ALWAYS_SEARCH_USER_PATHS = NO;
				CLANG_ANALYZER_NONNULL = YES;
				CLANG_ANALYZER_NUMBER_OBJECT_CONVERSION = YES_AGGRESSIVE;
				CLANG_CXX_LANGUAGE_STANDARD = "gnu++14";
				CLANG_CXX_LIBRARY = "libc++";
				CLANG_ENABLE_MODULES = YES;
				CLANG_ENABLE_OBJC_ARC = YES;
				CLANG_WARN_BLOCK_CAPTURE_AUTORELEASING = YES;
				CLANG_WARN_BOOL_CONVERSION = YES;
				CLANG_WARN_COMMA = YES;
				CLANG_WARN_CONSTANT_CONVERSION = YES;
				CLANG_WARN_DEPRECATED_OBJC_IMPLEMENTATIONS = YES;
				CLANG_WARN_DIRECT_OBJC_ISA_USAGE = YES_ERROR;
				CLANG_WARN_DOCUMENTATION_COMMENTS = YES;
				CLANG_WARN_EMPTY_BODY = YES;
				CLANG_WARN_ENUM_CONVERSION = YES;
				CLANG_WARN_INFINITE_RECURSION = YES;
				CLANG_WARN_INT_CONVERSION = YES;
				CLANG_WARN_NON_LITERAL_NULL_CONVERSION = YES;
				CLANG_WARN_OBJC_IMPLICIT_RETAIN_SELF = YES;
				CLANG_WARN_OBJC_LITERAL_CONVERSION = YES;
				CLANG_WARN_OBJC_ROOT_CLASS = YES_ERROR;
				CLANG_WARN_RANGE_LOOP_ANALYSIS = YES;
				CLANG_WARN_STRICT_PROTOTYPES = YES;
				CLANG_WARN_SUSPICIOUS_MOVE = YES;
				CLANG_WARN_UNGUARDED_AVAILABILITY = YES_AGGRESSIVE;
				CLANG_WARN_UNREACHABLE_CODE = YES;
				CLANG_WARN__DUPLICATE_METHOD_MATCH = YES;
				CODE_SIGN_IDENTITY = "iPhone Developer";
				COPY_PHASE_STRIP = NO;
				DEBUG_INFORMATION_FORMAT = "dwarf-with-dsym";
				ENABLE_NS_ASSERTIONS = NO;
				ENABLE_STRICT_OBJC_MSGSEND = YES;
				GCC_C_LANGUAGE_STANDARD = gnu11;
				GCC_NO_COMMON_BLOCKS = YES;
				GCC_WARN_64_TO_32_BIT_CONVERSION = YES;
				GCC_WARN_ABOUT_RETURN_TYPE = YES_ERROR;
				GCC_WARN_UNDECLARED_SELECTOR = YES;
				GCC_WARN_UNINITIALIZED_AUTOS = YES_AGGRESSIVE;
				GCC_WARN_UNUSED_FUNCTION = YES;
				GCC_WARN_UNUSED_VARIABLE = YES;
				IPHONEOS_DEPLOYMENT_TARGET = 11.3;
				MTL_ENABLE_DEBUG_INFO = NO;
				SDKROOT = iphoneos;
				SWIFT_OPTIMIZATION_LEVEL = "-Owholemodule";
				VALIDATE_PRODUCT = YES;
			};
			name = Release;
		};
		2B12CD0A2024DF94005C5ACD /* Debug */ = {
			isa = XCBuildConfiguration;
			buildSettings = {
				ASSETCATALOG_COMPILER_APPICON_NAME = AppIcon;
				ASSETCATALOG_COMPILER_LAUNCHIMAGE_NAME = LaunchImage;
				CODE_SIGN_STYLE = Automatic;
				DEVELOPMENT_TEAM = T88V6XEX9Z;
				INFOPLIST_FILE = StreetCheck/Info.plist;
				LD_RUNPATH_SEARCH_PATHS = "$(inherited) @executable_path/Frameworks";
				PRODUCT_BUNDLE_IDENTIFIER = "Presley-Reed-III.StreetCheck";
				PRODUCT_NAME = "$(TARGET_NAME)";
				SWIFT_VERSION = 4.0;
				TARGETED_DEVICE_FAMILY = 1;
			};
			name = Debug;
		};
		2B12CD0B2024DF94005C5ACD /* Release */ = {
			isa = XCBuildConfiguration;
			buildSettings = {
				ASSETCATALOG_COMPILER_APPICON_NAME = AppIcon;
				ASSETCATALOG_COMPILER_LAUNCHIMAGE_NAME = LaunchImage;
				CODE_SIGN_STYLE = Automatic;
				DEVELOPMENT_TEAM = T88V6XEX9Z;
				INFOPLIST_FILE = StreetCheck/Info.plist;
				LD_RUNPATH_SEARCH_PATHS = "$(inherited) @executable_path/Frameworks";
				PRODUCT_BUNDLE_IDENTIFIER = "Presley-Reed-III.StreetCheck";
				PRODUCT_NAME = "$(TARGET_NAME)";
				SWIFT_VERSION = 4.0;
				TARGETED_DEVICE_FAMILY = 1;
			};
			name = Release;
		};
		2B12CD0D2024DF94005C5ACD /* Debug */ = {
			isa = XCBuildConfiguration;
			buildSettings = {
				ALWAYS_EMBED_SWIFT_STANDARD_LIBRARIES = YES;
				BUNDLE_LOADER = "$(TEST_HOST)";
				CODE_SIGN_STYLE = Automatic;
				DEVELOPMENT_TEAM = T88V6XEX9Z;
				INFOPLIST_FILE = StreetCheckTests/Info.plist;
				LD_RUNPATH_SEARCH_PATHS = "$(inherited) @executable_path/Frameworks @loader_path/Frameworks";
				PRODUCT_BUNDLE_IDENTIFIER = "Presley-Reed-III.StreetCheckTests";
				PRODUCT_NAME = "$(TARGET_NAME)";
				SWIFT_VERSION = 4.0;
				TARGETED_DEVICE_FAMILY = "1,2";
				TEST_HOST = "$(BUILT_PRODUCTS_DIR)/StreetCheck.app/StreetCheck";
			};
			name = Debug;
		};
		2B12CD0E2024DF94005C5ACD /* Release */ = {
			isa = XCBuildConfiguration;
			buildSettings = {
				ALWAYS_EMBED_SWIFT_STANDARD_LIBRARIES = YES;
				BUNDLE_LOADER = "$(TEST_HOST)";
				CODE_SIGN_STYLE = Automatic;
				DEVELOPMENT_TEAM = T88V6XEX9Z;
				INFOPLIST_FILE = StreetCheckTests/Info.plist;
				LD_RUNPATH_SEARCH_PATHS = "$(inherited) @executable_path/Frameworks @loader_path/Frameworks";
				PRODUCT_BUNDLE_IDENTIFIER = "Presley-Reed-III.StreetCheckTests";
				PRODUCT_NAME = "$(TARGET_NAME)";
				SWIFT_VERSION = 4.0;
				TARGETED_DEVICE_FAMILY = "1,2";
				TEST_HOST = "$(BUILT_PRODUCTS_DIR)/StreetCheck.app/StreetCheck";
			};
			name = Release;
		};
		2B12CD102024DF94005C5ACD /* Debug */ = {
			isa = XCBuildConfiguration;
			buildSettings = {
				ALWAYS_EMBED_SWIFT_STANDARD_LIBRARIES = YES;
				CODE_SIGN_STYLE = Automatic;
				DEVELOPMENT_TEAM = T88V6XEX9Z;
				INFOPLIST_FILE = StreetCheckUITests/Info.plist;
				LD_RUNPATH_SEARCH_PATHS = "$(inherited) @executable_path/Frameworks @loader_path/Frameworks";
				PRODUCT_BUNDLE_IDENTIFIER = "Presley-Reed-III.StreetCheckUITests";
				PRODUCT_NAME = "$(TARGET_NAME)";
				SWIFT_VERSION = 4.0;
				TARGETED_DEVICE_FAMILY = "1,2";
				TEST_TARGET_NAME = StreetCheck;
			};
			name = Debug;
		};
		2B12CD112024DF94005C5ACD /* Release */ = {
			isa = XCBuildConfiguration;
			buildSettings = {
				ALWAYS_EMBED_SWIFT_STANDARD_LIBRARIES = YES;
				CODE_SIGN_STYLE = Automatic;
				DEVELOPMENT_TEAM = T88V6XEX9Z;
				INFOPLIST_FILE = StreetCheckUITests/Info.plist;
				LD_RUNPATH_SEARCH_PATHS = "$(inherited) @executable_path/Frameworks @loader_path/Frameworks";
				PRODUCT_BUNDLE_IDENTIFIER = "Presley-Reed-III.StreetCheckUITests";
				PRODUCT_NAME = "$(TARGET_NAME)";
				SWIFT_VERSION = 4.0;
				TARGETED_DEVICE_FAMILY = "1,2";
				TEST_TARGET_NAME = StreetCheck;
			};
			name = Release;
		};
/* End XCBuildConfiguration section */

/* Begin XCConfigurationList section */
		2B12CCDC2024DF93005C5ACD /* Build configuration list for PBXProject "StreetCheck" */ = {
			isa = XCConfigurationList;
			buildConfigurations = (
				2B12CD072024DF94005C5ACD /* Debug */,
				2B12CD082024DF94005C5ACD /* Release */,
			);
			defaultConfigurationIsVisible = 0;
			defaultConfigurationName = Release;
		};
		2B12CD092024DF94005C5ACD /* Build configuration list for PBXNativeTarget "StreetCheck" */ = {
			isa = XCConfigurationList;
			buildConfigurations = (
				2B12CD0A2024DF94005C5ACD /* Debug */,
				2B12CD0B2024DF94005C5ACD /* Release */,
			);
			defaultConfigurationIsVisible = 0;
			defaultConfigurationName = Release;
		};
		2B12CD0C2024DF94005C5ACD /* Build configuration list for PBXNativeTarget "StreetCheckTests" */ = {
			isa = XCConfigurationList;
			buildConfigurations = (
				2B12CD0D2024DF94005C5ACD /* Debug */,
				2B12CD0E2024DF94005C5ACD /* Release */,
			);
			defaultConfigurationIsVisible = 0;
			defaultConfigurationName = Release;
		};
		2B12CD0F2024DF94005C5ACD /* Build configuration list for PBXNativeTarget "StreetCheckUITests" */ = {
			isa = XCConfigurationList;
			buildConfigurations = (
				2B12CD102024DF94005C5ACD /* Debug */,
				2B12CD112024DF94005C5ACD /* Release */,
			);
			defaultConfigurationIsVisible = 0;
			defaultConfigurationName = Release;
		};
/* End XCConfigurationList section */
	};
	rootObject = 2B12CCD92024DF93005C5ACD /* Project object */;
}
